{
  "name": "pbg-token-validators",
  "version": "1.0.0",
  "lockfileVersion": 3,
  "requires": true,
  "packages": {
    "": {
      "name": "pbg-token-validators",
      "version": "1.0.0",
      "license": "ISC",
      "dependencies": {
        "@helios-lang/compiler": "npm:@hyperionbt/helios@^0.16.4",
        "@helios-lang/contract-utils": "^0.1.40"
      }
    },
    "node_modules/@helios-lang/cbor": {
      "version": "0.1.17",
      "resolved": "https://registry.npmjs.org/@helios-lang/cbor/-/cbor-0.1.17.tgz",
      "integrity": "sha512-rQN/ht2WJq9aQ5JUwZtNSxSHm66QodmnA+dUlb8lidGPktwNg0KktadCwFk/cFWXrpfxQfGxvvO7U1hUdCCniA==",
      "dependencies": {
        "@helios-lang/codec-utils": "^0.1.25",
        "@helios-lang/type-utils": "^0.1.5"
      }
    },
    "node_modules/@helios-lang/cli-utils": {
      "version": "0.1.3",
      "resolved": "https://registry.npmjs.org/@helios-lang/cli-utils/-/cli-utils-0.1.3.tgz",
      "integrity": "sha512-6YEMkbotmksmh4lvmgqAUpL/FvlyEttjmJydC8A9ANiKeG2Fznkvp4V6GtSKP1NDRv0C4yquwnMZ3jIm+DAZtg==",
      "dependencies": {
        "@helios-lang/codec-utils": "^0.1.27",
        "@helios-lang/type-utils": "^0.1.8"
      }
    },
    "node_modules/@helios-lang/codec-utils": {
      "version": "0.1.29",
      "resolved": "https://registry.npmjs.org/@helios-lang/codec-utils/-/codec-utils-0.1.29.tgz",
      "integrity": "sha512-Faa9AlB61BSed3fZ8T5t/hljeJP7tWdqPOuuAKMJPoyDIPdNhMesux0jZMRTyQByKEXE2DSq3TFvQCeAsE6zng=="
    },
    "node_modules/@helios-lang/compiler": {
      "name": "@hyperionbt/helios",
      "version": "0.16.4",
      "resolved": "https://registry.npmjs.org/@hyperionbt/helios/-/helios-0.16.4.tgz",
      "integrity": "sha512-dkpTh3L4MPCws2sN1e7pkI1Cc2qIqTPBOH+kXvAdizFZteYHmKe4/ikth/Owg2EiKsrshHsfokysA/cL3RgefQ=="
    },
    "node_modules/@helios-lang/compiler-utils": {
      "version": "0.1.21",
      "resolved": "https://registry.npmjs.org/@helios-lang/compiler-utils/-/compiler-utils-0.1.21.tgz",
      "integrity": "sha512-fIDN+RhxhxdbEFB3OkEkYnglBrIb+wMxaKR93+TKXQ7ud5hMYA3ZYcI0LCt3Hd/LUb89jzSndjfqGqO0vqAZSQ==",
      "dependencies": {
        "@helios-lang/cbor": "^0.1.9",
        "@helios-lang/codec-utils": "^0.1.26",
        "@helios-lang/crypto": "^0.1.2",
        "@helios-lang/type-utils": "^0.1.5"
      }
    },
    "node_modules/@helios-lang/contract-utils": {
      "version": "0.1.40",
      "resolved": "https://registry.npmjs.org/@helios-lang/contract-utils/-/contract-utils-0.1.40.tgz",
      "integrity": "sha512-NqR4BLddprm8WvAOpZAyErkz2Ur8n8STlwANIkF0pi5JKX+/oRauC0/O0mlFNefKg5+M7BKsXmTLSAJRVIr1/A==",
      "dependencies": {
        "@helios-lang/cli-utils": "^0.1.3",
        "@helios-lang/codec-utils": "^0.1.29",
        "@helios-lang/compiler-utils": "^0.1.21",
        "@helios-lang/ledger": "^0.1.44",
        "@helios-lang/type-utils": "^0.1.8",
        "@helios-lang/uplc": "^0.1.26"
      },
      "bin": {
        "hl2ts": "src/hl2ts.js"
      },
      "peerDependencies": {
        "@helios-lang/compiler": "*"
      }
    },
    "node_modules/@helios-lang/crypto": {
      "version": "0.1.7",
      "resolved": "https://registry.npmjs.org/@helios-lang/crypto/-/crypto-0.1.7.tgz",
      "integrity": "sha512-8od7nHpTsfacmklJQZtYF3ho42ot7E6YYISSeyrBz1f2LSyhHnIEzm4TyZUYMIzCllJbzojL4xNuFxKc0NKxhw==",
      "dependencies": {
        "@helios-lang/codec-utils": "^0.1.24"
      }
    },
    "node_modules/@helios-lang/ledger": {
      "version": "0.1.45",
      "resolved": "https://registry.npmjs.org/@helios-lang/ledger/-/ledger-0.1.45.tgz",
      "integrity": "sha512-olx6wm3QKOCf3ld0yvKsW1KPgy3i1DaYuNSWHBj3pZPTrsoTJ7VDXK7VifFpVsXBPIgJUrEHytI4/6oBHrlu1g==",
      "dependencies": {
        "@helios-lang/cbor": "^0.1.15",
        "@helios-lang/codec-utils": "^0.1.28",
        "@helios-lang/crypto": "^0.1.2",
        "@helios-lang/type-utils": "^0.1.6",
        "@helios-lang/uplc": "^0.1.21"
      }
    },
    "node_modules/@helios-lang/type-utils": {
      "version": "0.1.8",
      "resolved": "https://registry.npmjs.org/@helios-lang/type-utils/-/type-utils-0.1.8.tgz",
      "integrity": "sha512-zVGgJvNQHWuFfK1HLybynp6RAO31yIPkEp/ztdJJcdKS3TOVaUVAr3XHaFY8Hk2Pr7qO0lD2rvfl3Hkk+GApwQ=="
    },
    "node_modules/@helios-lang/uplc": {
      "version": "0.1.26",
      "resolved": "https://registry.npmjs.org/@helios-lang/uplc/-/uplc-0.1.26.tgz",
      "integrity": "sha512-Eq1TxN4smnGb5IyC+mtuAB8gLOSrFgOZWS5CtKMxvLAM8HDv+BYl3g7+ca1rqBLyAenxApTxArldDmnktUECvQ==",
      "dependencies": {
        "@helios-lang/cbor": "^0.1.17",
        "@helios-lang/codec-utils": "^0.1.28",
        "@helios-lang/compiler-utils": "^0.1.21",
        "@helios-lang/crypto": "^0.1.7",
        "@helios-lang/type-utils": "^0.1.8"
      }
    }
  }
}
