{
  "name": "pbg-token-validators",
  "version": "0.1.2",
  "lockfileVersion": 3,
  "requires": true,
  "packages": {
    "": {
      "name": "pbg-token-validators",
      "version": "0.1.2",
      "license": "ISC",
      "dependencies": {
        "@helios-lang/compiler": "npm:@hyperionbt/helios@^0.16.4",
        "@helios-lang/contract-utils": "^0.2.7"
      }
    },
    "node_modules/@helios-lang/cbor": {
      "version": "0.1.20",
      "resolved": "https://pbg-198334355085.d.codeartifact.us-east-1.amazonaws.com/npm/pbg/@helios-lang/cbor/-/cbor-0.1.20.tgz",
      "integrity": "sha512-t81GRlx7rkEW4EbNsnx+5bgH9bcJGKXWs1ceiPPiXnSbzYCrk87hSA4h4NfYAOSIsFOvIR27SjlijsOe3AtFsQ==",
      "dependencies": {
        "@helios-lang/codec-utils": "^0.1.29",
        "@helios-lang/type-utils": "^0.1.16"
      }
    },
    "node_modules/@helios-lang/cli-utils": {
      "version": "0.1.5",
      "resolved": "https://pbg-198334355085.d.codeartifact.us-east-1.amazonaws.com/npm/pbg/@helios-lang/cli-utils/-/cli-utils-0.1.5.tgz",
      "integrity": "sha512-3e7ubhFwU4uXxdMt3ZuVJ11dXozilIwNLgYh1MzQUzztR+KGbc0ikJPBO/Z60ISEX27VT9M8GpOOLPevSpcVaw==",
      "dependencies": {
        "@helios-lang/codec-utils": "^0.1.29",
        "@helios-lang/type-utils": "^0.1.16"
      }
    },
    "node_modules/@helios-lang/codec-utils": {
      "version": "0.1.29",
      "resolved": "https://pbg-198334355085.d.codeartifact.us-east-1.amazonaws.com/npm/pbg/@helios-lang/codec-utils/-/codec-utils-0.1.29.tgz",
      "integrity": "sha512-Faa9AlB61BSed3fZ8T5t/hljeJP7tWdqPOuuAKMJPoyDIPdNhMesux0jZMRTyQByKEXE2DSq3TFvQCeAsE6zng=="
    },
    "node_modules/@helios-lang/compiler": {
      "name": "@hyperionbt/helios",
      "version": "0.16.4",
      "resolved": "https://registry.npmjs.org/@hyperionbt/helios/-/helios-0.16.4.tgz",
      "integrity": "sha512-dkpTh3L4MPCws2sN1e7pkI1Cc2qIqTPBOH+kXvAdizFZteYHmKe4/ikth/Owg2EiKsrshHsfokysA/cL3RgefQ=="
    },
    "node_modules/@helios-lang/compiler-utils": {
      "version": "0.1.24",
      "resolved": "https://pbg-198334355085.d.codeartifact.us-east-1.amazonaws.com/npm/pbg/@helios-lang/compiler-utils/-/compiler-utils-0.1.24.tgz",
      "integrity": "sha512-RkPqDSN4moOLUzB8EP4eJpt/C+6medWpPKors8xI8OTDBcBtVPEK1Ft669I16TeRDcTF1pozetamlfKgPROVcg==",
      "dependencies": {
        "@helios-lang/codec-utils": "^0.1.29",
        "@helios-lang/type-utils": "^0.1.16"
      }
    },
    "node_modules/@helios-lang/contract-utils": {
      "version": "0.2.7",
      "resolved": "https://pbg-198334355085.d.codeartifact.us-east-1.amazonaws.com/npm/pbg/@helios-lang/contract-utils/-/contract-utils-0.2.7.tgz",
      "integrity": "sha512-UJQ8ohsRHcLtQT67KbEVUTqt6Q+e2aWgJ9l72GAuRjvV8dsWY2BlqoWOsMkVXaS4DB9asSjZAvE4udD0Z0ad+Q==",
      "dependencies": {
        "@helios-lang/cli-utils": "^0.1.5",
        "@helios-lang/codec-utils": "^0.1.29",
        "@helios-lang/compiler-utils": "^0.1.24",
        "@helios-lang/ledger": "^0.2.5",
        "@helios-lang/type-utils": "^0.1.16",
        "@helios-lang/uplc": "^0.1.30"
      },
      "bin": {
        "hl2ts": "src/hl2ts.js"
      },
      "peerDependencies": {
        "@helios-lang/compiler": "*"
      }
    },
    "node_modules/@helios-lang/crypto": {
      "version": "0.1.8",
      "resolved": "https://pbg-198334355085.d.codeartifact.us-east-1.amazonaws.com/npm/pbg/@helios-lang/crypto/-/crypto-0.1.8.tgz",
      "integrity": "sha512-06ak82XadShfEguohj9bgnlI9Dxol1Hq9s1njP7F6UJwEL3WIvm/DrMGvHzx0+jg1s50WHl2SqZnA5CC+GLdKA==",
      "dependencies": {
        "@helios-lang/codec-utils": "^0.1.29"
      }
    },
    "node_modules/@helios-lang/ledger": {
      "version": "0.2.5",
      "resolved": "https://pbg-198334355085.d.codeartifact.us-east-1.amazonaws.com/npm/pbg/@helios-lang/ledger/-/ledger-0.2.5.tgz",
      "integrity": "sha512-AcG0caf9zzJ+SFejTJ4fScPHrqEiWGKtmy1tD6np8XnmEV8f2rAdQEEFrI0GBpiBC68ir06yQVaUX/7XeAi01g==",
      "dependencies": {
        "@helios-lang/cbor": "^0.1.20",
        "@helios-lang/codec-utils": "^0.1.29",
        "@helios-lang/crypto": "^0.1.8",
        "@helios-lang/type-utils": "^0.1.16",
        "@helios-lang/uplc": "^0.1.30"
      }
    },
    "node_modules/@helios-lang/type-utils": {
      "version": "0.1.16",
      "resolved": "https://pbg-198334355085.d.codeartifact.us-east-1.amazonaws.com/npm/pbg/@helios-lang/type-utils/-/type-utils-0.1.16.tgz",
      "integrity": "sha512-YYrpJuIGDg3PxsgvbK0PkGOlb4xoJobG+3z7ctIQSqhiW50RhBfnmruj8rnakyS0ffNgZwGdh8BEY65lY6hi5g=="
    },
    "node_modules/@helios-lang/uplc": {
      "version": "0.1.30",
      "resolved": "https://pbg-198334355085.d.codeartifact.us-east-1.amazonaws.com/npm/pbg/@helios-lang/uplc/-/uplc-0.1.30.tgz",
      "integrity": "sha512-sBu9Liezz12voHG2H1mNG52sVoZqRZzU3JmamSB+q6inLXPCNh+oLdi44JhSTFmykn3+TmIAiq4gUofPxXtAOQ==",
      "dependencies": {
        "@helios-lang/cbor": "^0.1.20",
        "@helios-lang/codec-utils": "^0.1.29",
        "@helios-lang/compiler-utils": "^0.1.24",
        "@helios-lang/crypto": "^0.1.8",
        "@helios-lang/type-utils": "^0.1.16"
      }
    }
  }
}
