{
  "name": "pbg-token-validators",
  "version": "0.1.5",
  "lockfileVersion": 3,
  "requires": true,
  "packages": {
    "": {
      "name": "pbg-token-validators",
      "version": "0.1.5",
      "license": "ISC",
      "dependencies": {
        "@helios-lang/compiler": "npm:@hyperionbt/helios@^0.16.4",
        "@helios-lang/contract-utils": "^0.2.8"
      }
    },
    "node_modules/@helios-lang/cbor": {
      "version": "0.1.21",
      "resolved": "https://pbg-198334355085.d.codeartifact.us-east-1.amazonaws.com/npm/pbg/@helios-lang/cbor/-/cbor-0.1.21.tgz",
      "integrity": "sha512-EHIKmN1fDPtEwjvPHCjCHf3JtCK2j09z6dwTiSI4HJ7sl62nr5Ti1B0/EkiKrahfKQnYl/wgtVyKoY/qgIJQMw==",
      "dependencies": {
        "@helios-lang/codec-utils": "^0.1.30",
        "@helios-lang/type-utils": "^0.1.18"
      }
    },
    "node_modules/@helios-lang/cli-utils": {
      "version": "0.1.6",
      "resolved": "https://pbg-198334355085.d.codeartifact.us-east-1.amazonaws.com/npm/pbg/@helios-lang/cli-utils/-/cli-utils-0.1.6.tgz",
      "integrity": "sha512-yJd7bJR2N1AR2DbH6GQRq4nRB91QUyEQf6vJzMNTmEqtQoofhGDSJ3N8NDr5NIcDbcBgfJhUqdnOi9vmmewxAg==",
      "dependencies": {
        "@helios-lang/codec-utils": "^0.1.30",
        "@helios-lang/type-utils": "^0.1.18"
      }
    },
    "node_modules/@helios-lang/codec-utils": {
      "version": "0.1.30",
      "resolved": "https://pbg-198334355085.d.codeartifact.us-east-1.amazonaws.com/npm/pbg/@helios-lang/codec-utils/-/codec-utils-0.1.30.tgz",
      "integrity": "sha512-921mNdFd4LayFY1PC5vsStl8MNArkDKuGdlVUCO86qgkg76cpDvR19hxHvyoU5c1lsBdC82bTCRIreW6BP7UwQ=="
    },
    "node_modules/@helios-lang/compiler": {
      "name": "@hyperionbt/helios",
      "version": "0.16.4",
      "resolved": "https://registry.npmjs.org/@hyperionbt/helios/-/helios-0.16.4.tgz",
      "integrity": "sha512-dkpTh3L4MPCws2sN1e7pkI1Cc2qIqTPBOH+kXvAdizFZteYHmKe4/ikth/Owg2EiKsrshHsfokysA/cL3RgefQ=="
    },
    "node_modules/@helios-lang/compiler-utils": {
      "version": "0.1.25",
      "resolved": "https://pbg-198334355085.d.codeartifact.us-east-1.amazonaws.com/npm/pbg/@helios-lang/compiler-utils/-/compiler-utils-0.1.25.tgz",
      "integrity": "sha512-7J9HR1eWRrUyZMWT+uxoax76XsYjT7SHrhtSbYEkXqXGcWFmdvrk+A32R66WRF5Jn6Vv5mi116pUJ9eTwYpuUQ==",
      "dependencies": {
        "@helios-lang/codec-utils": "^0.1.30",
        "@helios-lang/type-utils": "^0.1.18"
      }
    },
    "node_modules/@helios-lang/contract-utils": {
      "version": "0.2.8",
      "resolved": "https://pbg-198334355085.d.codeartifact.us-east-1.amazonaws.com/npm/pbg/@helios-lang/contract-utils/-/contract-utils-0.2.8.tgz",
      "integrity": "sha512-B+WpVMGkDEMSM8vD3CcPQPmn6+244/t1q3yd0Z6gMt0v/GSvmQzTRqPFUhSc+BwiEGf4wrFPQf7wg7GTKbbVgw==",
      "dependencies": {
        "@helios-lang/cli-utils": "^0.1.6",
        "@helios-lang/codec-utils": "^0.1.30",
        "@helios-lang/compiler-utils": "^0.1.25",
        "@helios-lang/ledger": "^0.2.6",
        "@helios-lang/type-utils": "^0.1.18",
        "@helios-lang/uplc": "^0.1.31"
      },
      "bin": {
        "hl2ts": "src/hl2ts.js"
      },
      "peerDependencies": {
        "@helios-lang/compiler": "*"
      }
    },
    "node_modules/@helios-lang/crypto": {
      "version": "0.1.9",
      "resolved": "https://pbg-198334355085.d.codeartifact.us-east-1.amazonaws.com/npm/pbg/@helios-lang/crypto/-/crypto-0.1.9.tgz",
      "integrity": "sha512-4sXmWNbCqTejpkSh8qzeRXy+62LRQ/P4t3idMxZ3zKpz3RLNgFWiDMhSfmVBakzVbAuVVSeQrzcXTPEwq4pM/w==",
      "dependencies": {
        "@helios-lang/codec-utils": "^0.1.30"
      }
    },
    "node_modules/@helios-lang/ledger": {
      "version": "0.2.6",
      "resolved": "https://pbg-198334355085.d.codeartifact.us-east-1.amazonaws.com/npm/pbg/@helios-lang/ledger/-/ledger-0.2.6.tgz",
      "integrity": "sha512-pa0x9eecUT3TTbw9zKy32hYu1UdoUeqLCls14eijhzOaYrlxnMJY4GUwzA7CxF1mxoEGc4Gp/s6uQwFOwsKkRA==",
      "dependencies": {
        "@helios-lang/cbor": "^0.1.20",
        "@helios-lang/codec-utils": "^0.1.29",
        "@helios-lang/crypto": "^0.1.8",
        "@helios-lang/type-utils": "^0.1.16",
        "@helios-lang/uplc": "^0.1.30"
      }
    },
    "node_modules/@helios-lang/type-utils": {
      "version": "0.1.18",
      "resolved": "https://pbg-198334355085.d.codeartifact.us-east-1.amazonaws.com/npm/pbg/@helios-lang/type-utils/-/type-utils-0.1.18.tgz",
      "integrity": "sha512-dkhJxGHfYPoyzD0vRBAOV7wHQ8QH1ZL5ZkBk4AzP4lQfRHpWhdIEu6hMU/BJMzXpRzAfgT2inm5jsIfoy8vPMg=="
    },
    "node_modules/@helios-lang/uplc": {
      "version": "0.1.31",
      "resolved": "https://pbg-198334355085.d.codeartifact.us-east-1.amazonaws.com/npm/pbg/@helios-lang/uplc/-/uplc-0.1.31.tgz",
      "integrity": "sha512-diHvx0lrROGBX75qYwk4zmC1wnnj5Ke+bmXYft2GcWPrNAejcLKyoi+xzOSVlKS9/idvpCaZVHxAI5cJbHmWjQ==",
      "dependencies": {
        "@helios-lang/cbor": "^0.1.21",
        "@helios-lang/codec-utils": "^0.1.30",
        "@helios-lang/compiler-utils": "^0.1.25",
        "@helios-lang/crypto": "^0.1.9",
        "@helios-lang/type-utils": "^0.1.18"
      }
    }
  }
}
